{
    "_meta": {
        "hash": {
            "sha256": "aade9436902acb55a6b382bb132d1438a6b8cd4ff6ab481f5259363fa9d2363d"
        },
        "pipfile-spec": 6,
        "requires": {
            "python_version": "3.7"
        },
        "sources": [
            {
                "name": "pypi",
                "url": "https://pypi.org/simple",
                "verify_ssl": true
            }
        ]
    },
    "default": {
        "py4j": {
            "hashes": [
                "sha256:721189616b3a7d28212dfb2e7c6a1dd5147b03105f1fc37ff2432acd0e863fa5",
                "sha256:a950fe7de1bfd247a0a4dddb9118f332d22a89e01e0699135ea8038c15ee1293"
            ],
            "version": "==0.10.7"
        },
        "pyspark": {
            "hashes": [
                "sha256:6839718ce9f779e81153d8a14a843a5c4b2d5e6574f3c916aec241022d717cb2"
            ],
            "index": "pypi",
            "version": "==2.4.3"
        }
    },
    "develop": {}
}
